
Microsoft Visual Studio Solution File, Format Version 12.00
# Visual Studio Version 16
VisualStudioVersion = 16.0.31613.86
MinimumVisualStudioVersion = 10.0.40219.1
Project("{9A19103F-16F7-4668-BE54-9A1E7A4F7556}") = "TimeControl.Common", "TimeControl.Common\TimeControl.Common.csproj", "{47AA4380-2380-40B3-9A67-312686B1F809}"
EndProject
Project("{9A19103F-16F7-4668-BE54-9A1E7A4F7556}") = "TimeControl.Tests", "TimeControl.Tests\TimeControl.Tests.csproj", "{AA8ACB8A-0AAE-4161-B27D-00684A4A53C0}"
EndProject
Project("{9A19103F-16F7-4668-BE54-9A1E7A4F7556}") = "TimeControl.Functions", "TimeControl.Functions\TimeControl.Functions.csproj", "{C21608D4-B681-4CE4-8B6D-162EB142A89C}"
EndProject
Global
	GlobalSection(SolutionConfigurationPlatforms) = preSolution
		Debug|Any CPU = Debug|Any CPU
		Release|Any CPU = Release|Any CPU
	EndGlobalSection
	GlobalSection(ProjectConfigurationPlatforms) = postSolution
		{47AA4380-2380-40B3-9A67-312686B1F809}.Debug|Any CPU.ActiveCfg = Debug|Any CPU
		{47AA4380-2380-40B3-9A67-312686B1F809}.Debug|Any CPU.Build.0 = Debug|Any CPU
		{47AA4380-2380-40B3-9A67-312686B1F809}.Release|Any CPU.ActiveCfg = Release|Any CPU
		{47AA4380-2380-40B3-9A67-312686B1F809}.Release|Any CPU.Build.0 = Release|Any CPU
		{AA8ACB8A-0AAE-4161-B27D-00684A4A53C0}.Debug|Any CPU.ActiveCfg = Debug|Any CPU
		{AA8ACB8A-0AAE-4161-B27D-00684A4A53C0}.Debug|Any CPU.Build.0 = Debug|Any CPU
		{AA8ACB8A-0AAE-4161-B27D-00684A4A53C0}.Release|Any CPU.ActiveCfg = Release|Any CPU
		{AA8ACB8A-0AAE-4161-B27D-00684A4A53C0}.Release|Any CPU.Build.0 = Release|Any CPU
		{C21608D4-B681-4CE4-8B6D-162EB142A89C}.Debug|Any CPU.ActiveCfg = Debug|Any CPU
		{C21608D4-B681-4CE4-8B6D-162EB142A89C}.Debug|Any CPU.Build.0 = Debug|Any CPU
		{C21608D4-B681-4CE4-8B6D-162EB142A89C}.Release|Any CPU.ActiveCfg = Release|Any CPU
		{C21608D4-B681-4CE4-8B6D-162EB142A89C}.Release|Any CPU.Build.0 = Release|Any CPU
	EndGlobalSection
	GlobalSection(SolutionProperties) = preSolution
		HideSolutionNode = FALSE
	EndGlobalSection
	GlobalSection(ExtensibilityGlobals) = postSolution
		SolutionGuid = {78DC79A6-C266-4BB3-A651-4CDC49596601}
	EndGlobalSection
EndGlobal
